// !$*UTF8*$!
{
	archiveVersion = 1;
	classes = {
	};
	objectVersion = 50;
	objects = {

/* Begin PBXBuildFile section */
		586F9BFA25D88B7B00D42F79 /* AppDelegate.swift in Sources */ = {isa = PBXBuildFile; fileRef = 586F9BF925D88B7B00D42F79 /* AppDelegate.swift */; };
		586F9BFC25D88B7B00D42F79 /* SceneDelegate.swift in Sources */ = {isa = PBXBuildFile; fileRef = 586F9BFB25D88B7B00D42F79 /* SceneDelegate.swift */; };
		586F9BFE25D88B7B00D42F79 /* HomeViewController.swift in Sources */ = {isa = PBXBuildFile; fileRef = 586F9BFD25D88B7B00D42F79 /* HomeViewController.swift */; };
		586F9C0125D88B7B00D42F79 /* HomeView.storyboard in Resources */ = {isa = PBXBuildFile; fileRef = 586F9BFF25D88B7B00D42F79 /* HomeView.storyboard */; };
		586F9C0325D88B7D00D42F79 /* Assets.xcassets in Resources */ = {isa = PBXBuildFile; fileRef = 586F9C0225D88B7D00D42F79 /* Assets.xcassets */; };
		586F9C0625D88B7D00D42F79 /* LaunchScreen.storyboard in Resources */ = {isa = PBXBuildFile; fileRef = 586F9C0425D88B7D00D42F79 /* LaunchScreen.storyboard */; };
		58B6EB8925E57569009145E1 /* OnboardingView.storyboard in Resources */ = {isa = PBXBuildFile; fileRef = 58B6EB8825E57569009145E1 /* OnboardingView.storyboard */; };
		58B6EB8F25E5766A009145E1 /* OnboardingViewController.swift in Sources */ = {isa = PBXBuildFile; fileRef = 58B6EB8E25E5766A009145E1 /* OnboardingViewController.swift */; };
/* End PBXBuildFile section */

/* Begin PBXFileReference section */
		586F9BF625D88B7B00D42F79 /* Praca dyplomowa.app */ = {isa = PBXFileReference; explicitFileType = wrapper.application; includeInIndex = 0; path = "Praca dyplomowa.app"; sourceTree = BUILT_PRODUCTS_DIR; };
		586F9BF925D88B7B00D42F79 /* AppDelegate.swift */ = {isa = PBXFileReference; lastKnownFileType = sourcecode.swift; path = AppDelegate.swift; sourceTree = "<group>"; };
		586F9BFB25D88B7B00D42F79 /* SceneDelegate.swift */ = {isa = PBXFileReference; lastKnownFileType = sourcecode.swift; path = SceneDelegate.swift; sourceTree = "<group>"; };
		586F9BFD25D88B7B00D42F79 /* HomeViewController.swift */ = {isa = PBXFileReference; lastKnownFileType = sourcecode.swift; path = HomeViewController.swift; sourceTree = "<group>"; };
		586F9C0025D88B7B00D42F79 /* Base */ = {isa = PBXFileReference; lastKnownFileType = file.storyboard; name = Base; path = Base.lproj/HomeView.storyboard; sourceTree = "<group>"; };
		586F9C0225D88B7D00D42F79 /* Assets.xcassets */ = {isa = PBXFileReference; lastKnownFileType = folder.assetcatalog; path = Assets.xcassets; sourceTree = "<group>"; };
		586F9C0525D88B7D00D42F79 /* Base */ = {isa = PBXFileReference; lastKnownFileType = file.storyboard; name = Base; path = Base.lproj/LaunchScreen.storyboard; sourceTree = "<group>"; };
		586F9C0725D88B7D00D42F79 /* Info.plist */ = {isa = PBXFileReference; lastKnownFileType = text.plist.xml; path = Info.plist; sourceTree = "<group>"; };
		58B6EB8825E57569009145E1 /* OnboardingView.storyboard */ = {isa = PBXFileReference; lastKnownFileType = file.storyboard; path = OnboardingView.storyboard; sourceTree = "<group>"; };
		58B6EB8E25E5766A009145E1 /* OnboardingViewController.swift */ = {isa = PBXFileReference; lastKnownFileType = sourcecode.swift; path = OnboardingViewController.swift; sourceTree = "<group>"; };
/* End PBXFileReference section */

/* Begin PBXFrameworksBuildPhase section */
		586F9BF325D88B7B00D42F79 /* Frameworks */ = {
			isa = PBXFrameworksBuildPhase;
			buildActionMask = 2147483647;
			files = (
			);
			runOnlyForDeploymentPostprocessing = 0;
		};
/* End PBXFrameworksBuildPhase section */

/* Begin PBXGroup section */
		586F9BED25D88B7B00D42F79 = {
			isa = PBXGroup;
			children = (
				586F9BF825D88B7B00D42F79 /* Praca dyplomowa */,
				586F9BF725D88B7B00D42F79 /* Products */,
			);
			sourceTree = "<group>";
		};
		586F9BF725D88B7B00D42F79 /* Products */ = {
			isa = PBXGroup;
			children = (
				586F9BF625D88B7B00D42F79 /* Praca dyplomowa.app */,
			);
			name = Products;
			sourceTree = "<group>";
		};
		586F9BF825D88B7B00D42F79 /* Praca dyplomowa */ = {
			isa = PBXGroup;
			children = (
				58C347FE25E630B1009BF21C /* Model */,
				58C347FF25E630BA009BF21C /* Controler */,
				58B6EB8B25E575C9009145E1 /* ViewControllers */,
				58B6EB8425E57487009145E1 /* Views */,
				586F9BF925D88B7B00D42F79 /* AppDelegate.swift */,
				586F9BFB25D88B7B00D42F79 /* SceneDelegate.swift */,
				586F9C0225D88B7D00D42F79 /* Assets.xcassets */,
				586F9C0725D88B7D00D42F79 /* Info.plist */,
			);
			path = "Praca dyplomowa";
			sourceTree = "<group>";
		};
		58B6EB8425E57487009145E1 /* Views */ = {
			isa = PBXGroup;
			children = (
				58B6EB8725E57538009145E1 /* Onboarding */,
				58B6EB8625E574E8009145E1 /* Home */,
				58B6EB8525E574A2009145E1 /* LaunchScreen */,
			);
			path = Views;
			sourceTree = "<group>";
		};
		58B6EB8525E574A2009145E1 /* LaunchScreen */ = {
			isa = PBXGroup;
			children = (
				586F9C0425D88B7D00D42F79 /* LaunchScreen.storyboard */,
			);
			path = LaunchScreen;
			sourceTree = "<group>";
		};
		58B6EB8625E574E8009145E1 /* Home */ = {
			isa = PBXGroup;
			children = (
				586F9BFF25D88B7B00D42F79 /* HomeView.storyboard */,
			);
			path = Home;
			sourceTree = "<group>";
		};
		58B6EB8725E57538009145E1 /* Onboarding */ = {
			isa = PBXGroup;
			children = (
				58B6EB8825E57569009145E1 /* OnboardingView.storyboard */,
			);
			path = Onboarding;
			sourceTree = "<group>";
		};
		58B6EB8B25E575C9009145E1 /* ViewControllers */ = {
			isa = PBXGroup;
			children = (
				58B6EB8D25E5760C009145E1 /* Home */,
			);
			path = ViewControllers;
			sourceTree = "<group>";
		};
		58B6EB8D25E5760C009145E1 /* Home */ = {
			isa = PBXGroup;
			children = (
				586F9BFD25D88B7B00D42F79 /* HomeViewController.swift */,
				58B6EB8E25E5766A009145E1 /* OnboardingViewController.swift */,
			);
			path = Home;
			sourceTree = "<group>";
		};
		58C347FE25E630B1009BF21C /* Model */ = {
			isa = PBXGroup;
			children = (
			);
			path = Model;
			sourceTree = "<group>";
		};
		58C347FF25E630BA009BF21C /* Controler */ = {
			isa = PBXGroup;
			children = (
			);
			path = Controler;
			sourceTree = "<group>";
		};
/* End PBXGroup section */

/* Begin PBXNativeTarget section */
		586F9BF525D88B7B00D42F79 /* Praca dyplomowa */ = {
			isa = PBXNativeTarget;
			buildConfigurationList = 586F9C0A25D88B7D00D42F79 /* Build configuration list for PBXNativeTarget "Praca dyplomowa" */;
			buildPhases = (
				586F9BF225D88B7B00D42F79 /* Sources */,
				586F9BF325D88B7B00D42F79 /* Frameworks */,
				586F9BF425D88B7B00D42F79 /* Resources */,
			);
			buildRules = (
			);
			dependencies = (
			);
			name = "Praca dyplomowa";
			productName = "Praca dyplomowa";
			productReference = 586F9BF625D88B7B00D42F79 /* Praca dyplomowa.app */;
			productType = "com.apple.product-type.application";
		};
/* End PBXNativeTarget section */

/* Begin PBXProject section */
		586F9BEE25D88B7B00D42F79 /* Project object */ = {
			isa = PBXProject;
			attributes = {
				LastSwiftUpdateCheck = 1150;
				LastUpgradeCheck = 1150;
				ORGANIZATIONNAME = "Radoslaw Sobczak";
				TargetAttributes = {
					586F9BF525D88B7B00D42F79 = {
						CreatedOnToolsVersion = 11.5;
					};
				};
			};
			buildConfigurationList = 586F9BF125D88B7B00D42F79 /* Build configuration list for PBXProject "Praca dyplomowa" */;
			compatibilityVersion = "Xcode 9.3";
			developmentRegion = en;
			hasScannedForEncodings = 0;
			knownRegions = (
				en,
				Base,
			);
			mainGroup = 586F9BED25D88B7B00D42F79;
			productRefGroup = 586F9BF725D88B7B00D42F79 /* Products */;
			projectDirPath = "";
			projectRoot = "";
			targets = (
				586F9BF525D88B7B00D42F79 /* Praca dyplomowa */,
			);
		};
/* End PBXProject section */

/* Begin PBXResourcesBuildPhase section */
		586F9BF425D88B7B00D42F79 /* Resources */ = {
			isa = PBXResourcesBuildPhase;
			buildActionMask = 2147483647;
			files = (
				586F9C0625D88B7D00D42F79 /* LaunchScreen.storyboard in Resources */,
				586F9C0325D88B7D00D42F79 /* Assets.xcassets in Resources */,
				58B6EB8925E57569009145E1 /* OnboardingView.storyboard in Resources */,
				586F9C0125D88B7B00D42F79 /* HomeView.storyboard in Resources */,
			);
			runOnlyForDeploymentPostprocessing = 0;
		};
/* End PBXResourcesBuildPhase section */

/* Begin PBXSourcesBuildPhase section */
		586F9BF225D88B7B00D42F79 /* Sources */ = {
			isa = PBXSourcesBuildPhase;
			buildActionMask = 2147483647;
			files = (
				586F9BFE25D88B7B00D42F79 /* HomeViewController.swift in Sources */,
				586F9BFA25D88B7B00D42F79 /* AppDelegate.swift in Sources */,
				586F9BFC25D88B7B00D42F79 /* SceneDelegate.swift in Sources */,
				58B6EB8F25E5766A009145E1 /* OnboardingViewController.swift in Sources */,
			);
			runOnlyForDeploymentPostprocessing = 0;
		};
/* End PBXSourcesBuildPhase section */

/* Begin PBXVariantGroup section */
		586F9BFF25D88B7B00D42F79 /* HomeView.storyboard */ = {
			isa = PBXVariantGroup;
			children = (
				586F9C0025D88B7B00D42F79 /* Base */,
			);
			name = HomeView.storyboard;
			sourceTree = "<group>";
		};
		586F9C0425D88B7D00D42F79 /* LaunchScreen.storyboard */ = {
			isa = PBXVariantGroup;
			children = (
				586F9C0525D88B7D00D42F79 /* Base */,
			);
			name = LaunchScreen.storyboard;
			sourceTree = "<group>";
		};
/* End PBXVariantGroup section */

/* Begin XCBuildConfiguration section */
		586F9C0825D88B7D00D42F79 /* Debug */ = {
			isa = XCBuildConfiguration;
			buildSettings = {
				ALWAYS_SEARCH_USER_PATHS = NO;
				CLANG_ANALYZER_NONNULL = YES;
				CLANG_ANALYZER_NUMBER_OBJECT_CONVERSION = YES_AGGRESSIVE;
				CLANG_CXX_LANGUAGE_STANDARD = "gnu++14";
				CLANG_CXX_LIBRARY = "libc++";
				CLANG_ENABLE_MODULES = YES;
				CLANG_ENABLE_OBJC_ARC = YES;
				CLANG_ENABLE_OBJC_WEAK = YES;
				CLANG_WARN_BLOCK_CAPTURE_AUTORELEASING = YES;
				CLANG_WARN_BOOL_CONVERSION = YES;
				CLANG_WARN_COMMA = YES;
				CLANG_WARN_CONSTANT_CONVERSION = YES;
				CLANG_WARN_DEPRECATED_OBJC_IMPLEMENTATIONS = YES;
				CLANG_WARN_DIRECT_OBJC_ISA_USAGE = YES_ERROR;
				CLANG_WARN_DOCUMENTATION_COMMENTS = YES;
				CLANG_WARN_EMPTY_BODY = YES;
				CLANG_WARN_ENUM_CONVERSION = YES;
				CLANG_WARN_INFINITE_RECURSION = YES;
				CLANG_WARN_INT_CONVERSION = YES;
				CLANG_WARN_NON_LITERAL_NULL_CONVERSION = YES;
				CLANG_WARN_OBJC_IMPLICIT_RETAIN_SELF = YES;
				CLANG_WARN_OBJC_LITERAL_CONVERSION = YES;
				CLANG_WARN_OBJC_ROOT_CLASS = YES_ERROR;
				CLANG_WARN_RANGE_LOOP_ANALYSIS = YES;
				CLANG_WARN_STRICT_PROTOTYPES = YES;
				CLANG_WARN_SUSPICIOUS_MOVE = YES;
				CLANG_WARN_UNGUARDED_AVAILABILITY = YES_AGGRESSIVE;
				CLANG_WARN_UNREACHABLE_CODE = YES;
				CLANG_WARN__DUPLICATE_METHOD_MATCH = YES;
				COPY_PHASE_STRIP = NO;
				DEBUG_INFORMATION_FORMAT = dwarf;
				ENABLE_STRICT_OBJC_MSGSEND = YES;
				ENABLE_TESTABILITY = YES;
				GCC_C_LANGUAGE_STANDARD = gnu11;
				GCC_DYNAMIC_NO_PIC = NO;
				GCC_NO_COMMON_BLOCKS = YES;
				GCC_OPTIMIZATION_LEVEL = 0;
				GCC_PREPROCESSOR_DEFINITIONS = (
					"DEBUG=1",
					"$(inherited)",
				);
				GCC_WARN_64_TO_32_BIT_CONVERSION = YES;
				GCC_WARN_ABOUT_RETURN_TYPE = YES_ERROR;
				GCC_WARN_UNDECLARED_SELECTOR = YES;
				GCC_WARN_UNINITIALIZED_AUTOS = YES_AGGRESSIVE;
				GCC_WARN_UNUSED_FUNCTION = YES;
				GCC_WARN_UNUSED_VARIABLE = YES;
				IPHONEOS_DEPLOYMENT_TARGET = 13.5;
				MTL_ENABLE_DEBUG_INFO = INCLUDE_SOURCE;
				MTL_FAST_MATH = YES;
				ONLY_ACTIVE_ARCH = YES;
				SDKROOT = iphoneos;
				SWIFT_ACTIVE_COMPILATION_CONDITIONS = DEBUG;
				SWIFT_OPTIMIZATION_LEVEL = "-Onone";
			};
			name = Debug;
		};
		586F9C0925D88B7D00D42F79 /* Release */ = {
			isa = XCBuildConfiguration;
			buildSettings = {
				ALWAYS_SEARCH_USER_PATHS = NO;
				CLANG_ANALYZER_NONNULL = YES;
				CLANG_ANALYZER_NUMBER_OBJECT_CONVERSION = YES_AGGRESSIVE;
				CLANG_CXX_LANGUAGE_STANDARD = "gnu++14";
				CLANG_CXX_LIBRARY = "libc++";
				CLANG_ENABLE_MODULES = YES;
				CLANG_ENABLE_OBJC_ARC = YES;
				CLANG_ENABLE_OBJC_WEAK = YES;
				CLANG_WARN_BLOCK_CAPTURE_AUTORELEASING = YES;
				CLANG_WARN_BOOL_CONVERSION = YES;
				CLANG_WARN_COMMA = YES;
				CLANG_WARN_CONSTANT_CONVERSION = YES;
				CLANG_WARN_DEPRECATED_OBJC_IMPLEMENTATIONS = YES;
				CLANG_WARN_DIRECT_OBJC_ISA_USAGE = YES_ERROR;
				CLANG_WARN_DOCUMENTATION_COMMENTS = YES;
				CLANG_WARN_EMPTY_BODY = YES;
				CLANG_WARN_ENUM_CONVERSION = YES;
				CLANG_WARN_INFINITE_RECURSION = YES;
				CLANG_WARN_INT_CONVERSION = YES;
				CLANG_WARN_NON_LITERAL_NULL_CONVERSION = YES;
				CLANG_WARN_OBJC_IMPLICIT_RETAIN_SELF = YES;
				CLANG_WARN_OBJC_LITERAL_CONVERSION = YES;
				CLANG_WARN_OBJC_ROOT_CLASS = YES_ERROR;
				CLANG_WARN_RANGE_LOOP_ANALYSIS = YES;
				CLANG_WARN_STRICT_PROTOTYPES = YES;
				CLANG_WARN_SUSPICIOUS_MOVE = YES;
				CLANG_WARN_UNGUARDED_AVAILABILITY = YES_AGGRESSIVE;
				CLANG_WARN_UNREACHABLE_CODE = YES;
				CLANG_WARN__DUPLICATE_METHOD_MATCH = YES;
				COPY_PHASE_STRIP = NO;
				DEBUG_INFORMATION_FORMAT = "dwarf-with-dsym";
				ENABLE_NS_ASSERTIONS = NO;
				ENABLE_STRICT_OBJC_MSGSEND = YES;
				GCC_C_LANGUAGE_STANDARD = gnu11;
				GCC_NO_COMMON_BLOCKS = YES;
				GCC_WARN_64_TO_32_BIT_CONVERSION = YES;
				GCC_WARN_ABOUT_RETURN_TYPE = YES_ERROR;
				GCC_WARN_UNDECLARED_SELECTOR = YES;
				GCC_WARN_UNINITIALIZED_AUTOS = YES_AGGRESSIVE;
				GCC_WARN_UNUSED_FUNCTION = YES;
				GCC_WARN_UNUSED_VARIABLE = YES;
				IPHONEOS_DEPLOYMENT_TARGET = 13.5;
				MTL_ENABLE_DEBUG_INFO = NO;
				MTL_FAST_MATH = YES;
				SDKROOT = iphoneos;
				SWIFT_COMPILATION_MODE = wholemodule;
				SWIFT_OPTIMIZATION_LEVEL = "-O";
				VALIDATE_PRODUCT = YES;
			};
			name = Release;
		};
		586F9C0B25D88B7D00D42F79 /* Debug */ = {
			isa = XCBuildConfiguration;
			buildSettings = {
				ASSETCATALOG_COMPILER_APPICON_NAME = AppIcon;
				CODE_SIGN_STYLE = Automatic;
				INFOPLIST_FILE = "Praca dyplomowa/Info.plist";
				LD_RUNPATH_SEARCH_PATHS = (
					"$(inherited)",
					"@executable_path/Frameworks",
				);
				PRODUCT_BUNDLE_IDENTIFIER = "com.RS.Praca-dyplomowa";
				PRODUCT_NAME = "$(TARGET_NAME)";
				SWIFT_VERSION = 5.0;
				TARGETED_DEVICE_FAMILY = "1,2";
			};
			name = Debug;
		};
		586F9C0C25D88B7D00D42F79 /* Release */ = {
			isa = XCBuildConfiguration;
			buildSettings = {
				ASSETCATALOG_COMPILER_APPICON_NAME = AppIcon;
				CODE_SIGN_STYLE = Automatic;
				INFOPLIST_FILE = "Praca dyplomowa/Info.plist";
				LD_RUNPATH_SEARCH_PATHS = (
					"$(inherited)",
					"@executable_path/Frameworks",
				);
				PRODUCT_BUNDLE_IDENTIFIER = "com.RS.Praca-dyplomowa";
				PRODUCT_NAME = "$(TARGET_NAME)";
				SWIFT_VERSION = 5.0;
				TARGETED_DEVICE_FAMILY = "1,2";
			};
			name = Release;
		};
/* End XCBuildConfiguration section */

/* Begin XCConfigurationList section */
		586F9BF125D88B7B00D42F79 /* Build configuration list for PBXProject "Praca dyplomowa" */ = {
			isa = XCConfigurationList;
			buildConfigurations = (
				586F9C0825D88B7D00D42F79 /* Debug */,
				586F9C0925D88B7D00D42F79 /* Release */,
			);
			defaultConfigurationIsVisible = 0;
			defaultConfigurationName = Release;
		};
		586F9C0A25D88B7D00D42F79 /* Build configuration list for PBXNativeTarget "Praca dyplomowa" */ = {
			isa = XCConfigurationList;
			buildConfigurations = (
				586F9C0B25D88B7D00D42F79 /* Debug */,
				586F9C0C25D88B7D00D42F79 /* Release */,
			);
			defaultConfigurationIsVisible = 0;
			defaultConfigurationName = Release;
		};
/* End XCConfigurationList section */
	};
	rootObject = 586F9BEE25D88B7B00D42F79 /* Project object */;
}
