// !$*UTF8*$!
{
	archiveVersion = 1;
	classes = {
	};
	objectVersion = 50;
	objects = {

/* Begin PBXBuildFile section */
		5844BF5F265C2FD300DB5A4B /* Lek.swift in Sources */ = {isa = PBXBuildFile; fileRef = 5844BF5E265C2FD300DB5A4B /* Lek.swift */; };
		5844BF62265C2FE100DB5A4B /* Interakcja.swift in Sources */ = {isa = PBXBuildFile; fileRef = 5844BF61265C2FE100DB5A4B /* Interakcja.swift */; };
		5844BF65265C2FF900DB5A4B /* DataBase.swift in Sources */ = {isa = PBXBuildFile; fileRef = 5844BF64265C2FF900DB5A4B /* DataBase.swift */; };
		5844BF68265C311C00DB5A4B /* StopienInterakcji.swift in Sources */ = {isa = PBXBuildFile; fileRef = 5844BF67265C311C00DB5A4B /* StopienInterakcji.swift */; };
		5859ABE72666CD6500BF924D /* AlcoholCompareViewController.swift in Sources */ = {isa = PBXBuildFile; fileRef = 5859ABE62666CD6500BF924D /* AlcoholCompareViewController.swift */; };
		586F9BFA25D88B7B00D42F79 /* AppDelegate.swift in Sources */ = {isa = PBXBuildFile; fileRef = 586F9BF925D88B7B00D42F79 /* AppDelegate.swift */; };
		586F9BFC25D88B7B00D42F79 /* SceneDelegate.swift in Sources */ = {isa = PBXBuildFile; fileRef = 586F9BFB25D88B7B00D42F79 /* SceneDelegate.swift */; };
		586F9BFE25D88B7B00D42F79 /* HomeViewController.swift in Sources */ = {isa = PBXBuildFile; fileRef = 586F9BFD25D88B7B00D42F79 /* HomeViewController.swift */; };
		586F9C0125D88B7B00D42F79 /* HomeView.storyboard in Resources */ = {isa = PBXBuildFile; fileRef = 586F9BFF25D88B7B00D42F79 /* HomeView.storyboard */; };
		586F9C0325D88B7D00D42F79 /* Assets.xcassets in Resources */ = {isa = PBXBuildFile; fileRef = 586F9C0225D88B7D00D42F79 /* Assets.xcassets */; };
		586F9C0625D88B7D00D42F79 /* LaunchScreen.storyboard in Resources */ = {isa = PBXBuildFile; fileRef = 586F9C0425D88B7D00D42F79 /* LaunchScreen.storyboard */; };
		58A5A56426559BBA0018531B /* SettingsViewController.swift in Sources */ = {isa = PBXBuildFile; fileRef = 58A5A56326559BBA0018531B /* SettingsViewController.swift */; };
		58A5A5672655A4F40018531B /* Leki.JSON in Resources */ = {isa = PBXBuildFile; fileRef = 58A5A5662655A4F40018531B /* Leki.JSON */; };
		58B6EB8F25E5766A009145E1 /* OnboardingViewController.swift in Sources */ = {isa = PBXBuildFile; fileRef = 58B6EB8E25E5766A009145E1 /* OnboardingViewController.swift */; };
		58D597782653D883001F8126 /* CustomNormalButton.swift in Sources */ = {isa = PBXBuildFile; fileRef = 58D597772653D883001F8126 /* CustomNormalButton.swift */; };
		58D5977B2653D8C0001F8126 /* CustomSmallButton.swift in Sources */ = {isa = PBXBuildFile; fileRef = 58D5977A2653D8C0001F8126 /* CustomSmallButton.swift */; };
		58D5977E2653D8E2001F8126 /* CustomLabel.swift in Sources */ = {isa = PBXBuildFile; fileRef = 58D5977D2653D8E2001F8126 /* CustomLabel.swift */; };
		58D597812653D902001F8126 /* CustomTextView.swift in Sources */ = {isa = PBXBuildFile; fileRef = 58D597802653D902001F8126 /* CustomTextView.swift */; };
		58D597842653D92B001F8126 /* CustomImageView.swift in Sources */ = {isa = PBXBuildFile; fileRef = 58D597832653D92B001F8126 /* CustomImageView.swift */; };
		58D597872653D97E001F8126 /* BasicViewController.swift in Sources */ = {isa = PBXBuildFile; fileRef = 58D597862653D97E001F8126 /* BasicViewController.swift */; };
		58D5978A2653D9B3001F8126 /* CompareViewController.swift in Sources */ = {isa = PBXBuildFile; fileRef = 58D597892653D9B3001F8126 /* CompareViewController.swift */; };
		58D5978F2653D9CF001F8126 /* AboutViewController.swift in Sources */ = {isa = PBXBuildFile; fileRef = 58D5978E2653D9CF001F8126 /* AboutViewController.swift */; };
		58D597932653D9F7001F8126 /* AuthorViewController.swift in Sources */ = {isa = PBXBuildFile; fileRef = 58D597922653D9F7001F8126 /* AuthorViewController.swift */; };
		58D597962653DA24001F8126 /* ChooseInteractionViewController.swift in Sources */ = {isa = PBXBuildFile; fileRef = 58D597952653DA24001F8126 /* ChooseInteractionViewController.swift */; };
/* End PBXBuildFile section */

/* Begin PBXFileReference section */
		5844BF5E265C2FD300DB5A4B /* Lek.swift */ = {isa = PBXFileReference; lastKnownFileType = sourcecode.swift; path = Lek.swift; sourceTree = "<group>"; };
		5844BF61265C2FE100DB5A4B /* Interakcja.swift */ = {isa = PBXFileReference; lastKnownFileType = sourcecode.swift; path = Interakcja.swift; sourceTree = "<group>"; };
		5844BF64265C2FF900DB5A4B /* DataBase.swift */ = {isa = PBXFileReference; lastKnownFileType = sourcecode.swift; path = DataBase.swift; sourceTree = "<group>"; };
		5844BF67265C311C00DB5A4B /* StopienInterakcji.swift */ = {isa = PBXFileReference; lastKnownFileType = sourcecode.swift; path = StopienInterakcji.swift; sourceTree = "<group>"; };
		5859ABE62666CD6500BF924D /* AlcoholCompareViewController.swift */ = {isa = PBXFileReference; lastKnownFileType = sourcecode.swift; path = AlcoholCompareViewController.swift; sourceTree = "<group>"; };
		586F9BF625D88B7B00D42F79 /* Praca dyplomowa.app */ = {isa = PBXFileReference; explicitFileType = wrapper.application; includeInIndex = 0; path = "Praca dyplomowa.app"; sourceTree = BUILT_PRODUCTS_DIR; };
		586F9BF925D88B7B00D42F79 /* AppDelegate.swift */ = {isa = PBXFileReference; lastKnownFileType = sourcecode.swift; path = AppDelegate.swift; sourceTree = "<group>"; };
		586F9BFB25D88B7B00D42F79 /* SceneDelegate.swift */ = {isa = PBXFileReference; lastKnownFileType = sourcecode.swift; path = SceneDelegate.swift; sourceTree = "<group>"; };
		586F9BFD25D88B7B00D42F79 /* HomeViewController.swift */ = {isa = PBXFileReference; lastKnownFileType = sourcecode.swift; path = HomeViewController.swift; sourceTree = "<group>"; };
		586F9C0025D88B7B00D42F79 /* Base */ = {isa = PBXFileReference; lastKnownFileType = file.storyboard; name = Base; path = Base.lproj/HomeView.storyboard; sourceTree = "<group>"; };
		586F9C0225D88B7D00D42F79 /* Assets.xcassets */ = {isa = PBXFileReference; lastKnownFileType = folder.assetcatalog; path = Assets.xcassets; sourceTree = "<group>"; };
		586F9C0525D88B7D00D42F79 /* Base */ = {isa = PBXFileReference; lastKnownFileType = file.storyboard; name = Base; path = Base.lproj/LaunchScreen.storyboard; sourceTree = "<group>"; };
		586F9C0725D88B7D00D42F79 /* Info.plist */ = {isa = PBXFileReference; lastKnownFileType = text.plist.xml; path = Info.plist; sourceTree = "<group>"; };
		58A5A56326559BBA0018531B /* SettingsViewController.swift */ = {isa = PBXFileReference; lastKnownFileType = sourcecode.swift; path = SettingsViewController.swift; sourceTree = "<group>"; };
		58A5A5662655A4F40018531B /* Leki.JSON */ = {isa = PBXFileReference; lastKnownFileType = text.json; path = Leki.JSON; sourceTree = "<group>"; };
		58B6EB8E25E5766A009145E1 /* OnboardingViewController.swift */ = {isa = PBXFileReference; lastKnownFileType = sourcecode.swift; path = OnboardingViewController.swift; sourceTree = "<group>"; };
		58D597772653D883001F8126 /* CustomNormalButton.swift */ = {isa = PBXFileReference; lastKnownFileType = sourcecode.swift; path = CustomNormalButton.swift; sourceTree = "<group>"; };
		58D5977A2653D8C0001F8126 /* CustomSmallButton.swift */ = {isa = PBXFileReference; lastKnownFileType = sourcecode.swift; path = CustomSmallButton.swift; sourceTree = "<group>"; };
		58D5977D2653D8E2001F8126 /* CustomLabel.swift */ = {isa = PBXFileReference; lastKnownFileType = sourcecode.swift; path = CustomLabel.swift; sourceTree = "<group>"; };
		58D597802653D902001F8126 /* CustomTextView.swift */ = {isa = PBXFileReference; lastKnownFileType = sourcecode.swift; path = CustomTextView.swift; sourceTree = "<group>"; };
		58D597832653D92B001F8126 /* CustomImageView.swift */ = {isa = PBXFileReference; lastKnownFileType = sourcecode.swift; path = CustomImageView.swift; sourceTree = "<group>"; };
		58D597862653D97E001F8126 /* BasicViewController.swift */ = {isa = PBXFileReference; lastKnownFileType = sourcecode.swift; path = BasicViewController.swift; sourceTree = "<group>"; };
		58D597892653D9B3001F8126 /* CompareViewController.swift */ = {isa = PBXFileReference; lastKnownFileType = sourcecode.swift; path = CompareViewController.swift; sourceTree = "<group>"; };
		58D5978E2653D9CF001F8126 /* AboutViewController.swift */ = {isa = PBXFileReference; lastKnownFileType = sourcecode.swift; path = AboutViewController.swift; sourceTree = "<group>"; };
		58D597922653D9F7001F8126 /* AuthorViewController.swift */ = {isa = PBXFileReference; lastKnownFileType = sourcecode.swift; path = AuthorViewController.swift; sourceTree = "<group>"; };
		58D597952653DA24001F8126 /* ChooseInteractionViewController.swift */ = {isa = PBXFileReference; lastKnownFileType = sourcecode.swift; path = ChooseInteractionViewController.swift; sourceTree = "<group>"; wrapsLines = 1; };
/* End PBXFileReference section */

/* Begin PBXFrameworksBuildPhase section */
		586F9BF325D88B7B00D42F79 /* Frameworks */ = {
			isa = PBXFrameworksBuildPhase;
			buildActionMask = 2147483647;
			files = (
			);
			runOnlyForDeploymentPostprocessing = 0;
		};
/* End PBXFrameworksBuildPhase section */

/* Begin PBXGroup section */
		586F9BED25D88B7B00D42F79 = {
			isa = PBXGroup;
			children = (
				586F9BF825D88B7B00D42F79 /* Praca dyplomowa */,
				586F9BF725D88B7B00D42F79 /* Products */,
			);
			sourceTree = "<group>";
		};
		586F9BF725D88B7B00D42F79 /* Products */ = {
			isa = PBXGroup;
			children = (
				586F9BF625D88B7B00D42F79 /* Praca dyplomowa.app */,
			);
			name = Products;
			sourceTree = "<group>";
		};
		586F9BF825D88B7B00D42F79 /* Praca dyplomowa */ = {
			isa = PBXGroup;
			children = (
				58D597762653D852001F8126 /* Controlls */,
				58C347FE25E630B1009BF21C /* Model */,
				58C347FF25E630BA009BF21C /* Controler */,
				58B6EB8B25E575C9009145E1 /* ViewControllers */,
				58B6EB8425E57487009145E1 /* Views */,
				586F9BF925D88B7B00D42F79 /* AppDelegate.swift */,
				586F9BFB25D88B7B00D42F79 /* SceneDelegate.swift */,
				586F9C0225D88B7D00D42F79 /* Assets.xcassets */,
				586F9C0725D88B7D00D42F79 /* Info.plist */,
				58A5A5662655A4F40018531B /* Leki.JSON */,
			);
			path = "Praca dyplomowa";
			sourceTree = "<group>";
		};
		58B6EB8425E57487009145E1 /* Views */ = {
			isa = PBXGroup;
			children = (
				586F9BFF25D88B7B00D42F79 /* HomeView.storyboard */,
				586F9C0425D88B7D00D42F79 /* LaunchScreen.storyboard */,
			);
			path = Views;
			sourceTree = "<group>";
		};
		58B6EB8B25E575C9009145E1 /* ViewControllers */ = {
			isa = PBXGroup;
			children = (
				58D597862653D97E001F8126 /* BasicViewController.swift */,
				586F9BFD25D88B7B00D42F79 /* HomeViewController.swift */,
				58B6EB8E25E5766A009145E1 /* OnboardingViewController.swift */,
				58D597952653DA24001F8126 /* ChooseInteractionViewController.swift */,
				58D597892653D9B3001F8126 /* CompareViewController.swift */,
				58D5978E2653D9CF001F8126 /* AboutViewController.swift */,
				58D597922653D9F7001F8126 /* AuthorViewController.swift */,
				58A5A56326559BBA0018531B /* SettingsViewController.swift */,
				5859ABE62666CD6500BF924D /* AlcoholCompareViewController.swift */,
			);
			path = ViewControllers;
			sourceTree = "<group>";
		};
		58C347FE25E630B1009BF21C /* Model */ = {
			isa = PBXGroup;
			children = (
				5844BF5E265C2FD300DB5A4B /* Lek.swift */,
				5844BF61265C2FE100DB5A4B /* Interakcja.swift */,
				5844BF64265C2FF900DB5A4B /* DataBase.swift */,
				5844BF67265C311C00DB5A4B /* StopienInterakcji.swift */,
			);
			path = Model;
			sourceTree = "<group>";
		};
		58C347FF25E630BA009BF21C /* Controler */ = {
			isa = PBXGroup;
			children = (
			);
			path = Controler;
			sourceTree = "<group>";
		};
		58D597762653D852001F8126 /* Controlls */ = {
			isa = PBXGroup;
			children = (
				58D597772653D883001F8126 /* CustomNormalButton.swift */,
				58D5977A2653D8C0001F8126 /* CustomSmallButton.swift */,
				58D5977D2653D8E2001F8126 /* CustomLabel.swift */,
				58D597802653D902001F8126 /* CustomTextView.swift */,
				58D597832653D92B001F8126 /* CustomImageView.swift */,
			);
			path = Controlls;
			sourceTree = "<group>";
		};
/* End PBXGroup section */

/* Begin PBXNativeTarget section */
		586F9BF525D88B7B00D42F79 /* Praca dyplomowa */ = {
			isa = PBXNativeTarget;
			buildConfigurationList = 586F9C0A25D88B7D00D42F79 /* Build configuration list for PBXNativeTarget "Praca dyplomowa" */;
			buildPhases = (
				586F9BF225D88B7B00D42F79 /* Sources */,
				586F9BF325D88B7B00D42F79 /* Frameworks */,
				586F9BF425D88B7B00D42F79 /* Resources */,
			);
			buildRules = (
			);
			dependencies = (
			);
			name = "Praca dyplomowa";
			productName = "Praca dyplomowa";
			productReference = 586F9BF625D88B7B00D42F79 /* Praca dyplomowa.app */;
			productType = "com.apple.product-type.application";
		};
/* End PBXNativeTarget section */

/* Begin PBXProject section */
		586F9BEE25D88B7B00D42F79 /* Project object */ = {
			isa = PBXProject;
			attributes = {
				LastSwiftUpdateCheck = 1150;
				LastUpgradeCheck = 1150;
				ORGANIZATIONNAME = "Radoslaw Sobczak";
				TargetAttributes = {
					586F9BF525D88B7B00D42F79 = {
						CreatedOnToolsVersion = 11.5;
					};
				};
			};
			buildConfigurationList = 586F9BF125D88B7B00D42F79 /* Build configuration list for PBXProject "Praca dyplomowa" */;
			compatibilityVersion = "Xcode 9.3";
			developmentRegion = en;
			hasScannedForEncodings = 0;
			knownRegions = (
				en,
				Base,
			);
			mainGroup = 586F9BED25D88B7B00D42F79;
			productRefGroup = 586F9BF725D88B7B00D42F79 /* Products */;
			projectDirPath = "";
			projectRoot = "";
			targets = (
				586F9BF525D88B7B00D42F79 /* Praca dyplomowa */,
			);
		};
/* End PBXProject section */

/* Begin PBXResourcesBuildPhase section */
		586F9BF425D88B7B00D42F79 /* Resources */ = {
			isa = PBXResourcesBuildPhase;
			buildActionMask = 2147483647;
			files = (
				586F9C0625D88B7D00D42F79 /* LaunchScreen.storyboard in Resources */,
				586F9C0325D88B7D00D42F79 /* Assets.xcassets in Resources */,
				58A5A5672655A4F40018531B /* Leki.JSON in Resources */,
				586F9C0125D88B7B00D42F79 /* HomeView.storyboard in Resources */,
			);
			runOnlyForDeploymentPostprocessing = 0;
		};
/* End PBXResourcesBuildPhase section */

/* Begin PBXSourcesBuildPhase section */
		586F9BF225D88B7B00D42F79 /* Sources */ = {
			isa = PBXSourcesBuildPhase;
			buildActionMask = 2147483647;
			files = (
				5844BF5F265C2FD300DB5A4B /* Lek.swift in Sources */,
				5859ABE72666CD6500BF924D /* AlcoholCompareViewController.swift in Sources */,
				58D597962653DA24001F8126 /* ChooseInteractionViewController.swift in Sources */,
				5844BF62265C2FE100DB5A4B /* Interakcja.swift in Sources */,
				586F9BFE25D88B7B00D42F79 /* HomeViewController.swift in Sources */,
				58D597872653D97E001F8126 /* BasicViewController.swift in Sources */,
				58D597842653D92B001F8126 /* CustomImageView.swift in Sources */,
				586F9BFA25D88B7B00D42F79 /* AppDelegate.swift in Sources */,
				58D597812653D902001F8126 /* CustomTextView.swift in Sources */,
				58D597932653D9F7001F8126 /* AuthorViewController.swift in Sources */,
				58D5977B2653D8C0001F8126 /* CustomSmallButton.swift in Sources */,
				5844BF68265C311C00DB5A4B /* StopienInterakcji.swift in Sources */,
				58A5A56426559BBA0018531B /* SettingsViewController.swift in Sources */,
				58D5978F2653D9CF001F8126 /* AboutViewController.swift in Sources */,
				5844BF65265C2FF900DB5A4B /* DataBase.swift in Sources */,
				58D5977E2653D8E2001F8126 /* CustomLabel.swift in Sources */,
				58D597782653D883001F8126 /* CustomNormalButton.swift in Sources */,
				586F9BFC25D88B7B00D42F79 /* SceneDelegate.swift in Sources */,
				58B6EB8F25E5766A009145E1 /* OnboardingViewController.swift in Sources */,
				58D5978A2653D9B3001F8126 /* CompareViewController.swift in Sources */,
			);
			runOnlyForDeploymentPostprocessing = 0;
		};
/* End PBXSourcesBuildPhase section */

/* Begin PBXVariantGroup section */
		586F9BFF25D88B7B00D42F79 /* HomeView.storyboard */ = {
			isa = PBXVariantGroup;
			children = (
				586F9C0025D88B7B00D42F79 /* Base */,
			);
			name = HomeView.storyboard;
			sourceTree = "<group>";
		};
		586F9C0425D88B7D00D42F79 /* LaunchScreen.storyboard */ = {
			isa = PBXVariantGroup;
			children = (
				586F9C0525D88B7D00D42F79 /* Base */,
			);
			name = LaunchScreen.storyboard;
			sourceTree = "<group>";
		};
/* End PBXVariantGroup section */

/* Begin XCBuildConfiguration section */
		586F9C0825D88B7D00D42F79 /* Debug */ = {
			isa = XCBuildConfiguration;
			buildSettings = {
				ALWAYS_SEARCH_USER_PATHS = NO;
				CLANG_ANALYZER_NONNULL = YES;
				CLANG_ANALYZER_NUMBER_OBJECT_CONVERSION = YES_AGGRESSIVE;
				CLANG_CXX_LANGUAGE_STANDARD = "gnu++14";
				CLANG_CXX_LIBRARY = "libc++";
				CLANG_ENABLE_MODULES = YES;
				CLANG_ENABLE_OBJC_ARC = YES;
				CLANG_ENABLE_OBJC_WEAK = YES;
				CLANG_WARN_BLOCK_CAPTURE_AUTORELEASING = YES;
				CLANG_WARN_BOOL_CONVERSION = YES;
				CLANG_WARN_COMMA = YES;
				CLANG_WARN_CONSTANT_CONVERSION = YES;
				CLANG_WARN_DEPRECATED_OBJC_IMPLEMENTATIONS = YES;
				CLANG_WARN_DIRECT_OBJC_ISA_USAGE = YES_ERROR;
				CLANG_WARN_DOCUMENTATION_COMMENTS = YES;
				CLANG_WARN_EMPTY_BODY = YES;
				CLANG_WARN_ENUM_CONVERSION = YES;
				CLANG_WARN_INFINITE_RECURSION = YES;
				CLANG_WARN_INT_CONVERSION = YES;
				CLANG_WARN_NON_LITERAL_NULL_CONVERSION = YES;
				CLANG_WARN_OBJC_IMPLICIT_RETAIN_SELF = YES;
				CLANG_WARN_OBJC_LITERAL_CONVERSION = YES;
				CLANG_WARN_OBJC_ROOT_CLASS = YES_ERROR;
				CLANG_WARN_RANGE_LOOP_ANALYSIS = YES;
				CLANG_WARN_STRICT_PROTOTYPES = YES;
				CLANG_WARN_SUSPICIOUS_MOVE = YES;
				CLANG_WARN_UNGUARDED_AVAILABILITY = YES_AGGRESSIVE;
				CLANG_WARN_UNREACHABLE_CODE = YES;
				CLANG_WARN__DUPLICATE_METHOD_MATCH = YES;
				COPY_PHASE_STRIP = NO;
				DEBUG_INFORMATION_FORMAT = dwarf;
				ENABLE_STRICT_OBJC_MSGSEND = YES;
				ENABLE_TESTABILITY = YES;
				GCC_C_LANGUAGE_STANDARD = gnu11;
				GCC_DYNAMIC_NO_PIC = NO;
				GCC_NO_COMMON_BLOCKS = YES;
				GCC_OPTIMIZATION_LEVEL = 0;
				GCC_PREPROCESSOR_DEFINITIONS = (
					"DEBUG=1",
					"$(inherited)",
				);
				GCC_WARN_64_TO_32_BIT_CONVERSION = YES;
				GCC_WARN_ABOUT_RETURN_TYPE = YES_ERROR;
				GCC_WARN_UNDECLARED_SELECTOR = YES;
				GCC_WARN_UNINITIALIZED_AUTOS = YES_AGGRESSIVE;
				GCC_WARN_UNUSED_FUNCTION = YES;
				GCC_WARN_UNUSED_VARIABLE = YES;
				IPHONEOS_DEPLOYMENT_TARGET = 13.5;
				MTL_ENABLE_DEBUG_INFO = INCLUDE_SOURCE;
				MTL_FAST_MATH = YES;
				ONLY_ACTIVE_ARCH = YES;
				SDKROOT = iphoneos;
				SWIFT_ACTIVE_COMPILATION_CONDITIONS = DEBUG;
				SWIFT_OPTIMIZATION_LEVEL = "-Onone";
			};
			name = Debug;
		};
		586F9C0925D88B7D00D42F79 /* Release */ = {
			isa = XCBuildConfiguration;
			buildSettings = {
				ALWAYS_SEARCH_USER_PATHS = NO;
				CLANG_ANALYZER_NONNULL = YES;
				CLANG_ANALYZER_NUMBER_OBJECT_CONVERSION = YES_AGGRESSIVE;
				CLANG_CXX_LANGUAGE_STANDARD = "gnu++14";
				CLANG_CXX_LIBRARY = "libc++";
				CLANG_ENABLE_MODULES = YES;
				CLANG_ENABLE_OBJC_ARC = YES;
				CLANG_ENABLE_OBJC_WEAK = YES;
				CLANG_WARN_BLOCK_CAPTURE_AUTORELEASING = YES;
				CLANG_WARN_BOOL_CONVERSION = YES;
				CLANG_WARN_COMMA = YES;
				CLANG_WARN_CONSTANT_CONVERSION = YES;
				CLANG_WARN_DEPRECATED_OBJC_IMPLEMENTATIONS = YES;
				CLANG_WARN_DIRECT_OBJC_ISA_USAGE = YES_ERROR;
				CLANG_WARN_DOCUMENTATION_COMMENTS = YES;
				CLANG_WARN_EMPTY_BODY = YES;
				CLANG_WARN_ENUM_CONVERSION = YES;
				CLANG_WARN_INFINITE_RECURSION = YES;
				CLANG_WARN_INT_CONVERSION = YES;
				CLANG_WARN_NON_LITERAL_NULL_CONVERSION = YES;
				CLANG_WARN_OBJC_IMPLICIT_RETAIN_SELF = YES;
				CLANG_WARN_OBJC_LITERAL_CONVERSION = YES;
				CLANG_WARN_OBJC_ROOT_CLASS = YES_ERROR;
				CLANG_WARN_RANGE_LOOP_ANALYSIS = YES;
				CLANG_WARN_STRICT_PROTOTYPES = YES;
				CLANG_WARN_SUSPICIOUS_MOVE = YES;
				CLANG_WARN_UNGUARDED_AVAILABILITY = YES_AGGRESSIVE;
				CLANG_WARN_UNREACHABLE_CODE = YES;
				CLANG_WARN__DUPLICATE_METHOD_MATCH = YES;
				COPY_PHASE_STRIP = NO;
				DEBUG_INFORMATION_FORMAT = "dwarf-with-dsym";
				ENABLE_NS_ASSERTIONS = NO;
				ENABLE_STRICT_OBJC_MSGSEND = YES;
				GCC_C_LANGUAGE_STANDARD = gnu11;
				GCC_NO_COMMON_BLOCKS = YES;
				GCC_WARN_64_TO_32_BIT_CONVERSION = YES;
				GCC_WARN_ABOUT_RETURN_TYPE = YES_ERROR;
				GCC_WARN_UNDECLARED_SELECTOR = YES;
				GCC_WARN_UNINITIALIZED_AUTOS = YES_AGGRESSIVE;
				GCC_WARN_UNUSED_FUNCTION = YES;
				GCC_WARN_UNUSED_VARIABLE = YES;
				IPHONEOS_DEPLOYMENT_TARGET = 13.5;
				MTL_ENABLE_DEBUG_INFO = NO;
				MTL_FAST_MATH = YES;
				SDKROOT = iphoneos;
				SWIFT_COMPILATION_MODE = wholemodule;
				SWIFT_OPTIMIZATION_LEVEL = "-O";
				VALIDATE_PRODUCT = YES;
			};
			name = Release;
		};
		586F9C0B25D88B7D00D42F79 /* Debug */ = {
			isa = XCBuildConfiguration;
			buildSettings = {
				ASSETCATALOG_COMPILER_APPICON_NAME = AppIcon;
				CODE_SIGN_STYLE = Automatic;
				DEVELOPMENT_TEAM = D994TULQW5;
				INFOPLIST_FILE = "Praca dyplomowa/Info.plist";
				LD_RUNPATH_SEARCH_PATHS = (
					"$(inherited)",
					"@executable_path/Frameworks",
				);
				PRODUCT_BUNDLE_IDENTIFIER = "com.RS.Praca-dyplomowa";
				PRODUCT_NAME = "$(TARGET_NAME)";
				SWIFT_VERSION = 5.0;
				TARGETED_DEVICE_FAMILY = "1,2";
			};
			name = Debug;
		};
		586F9C0C25D88B7D00D42F79 /* Release */ = {
			isa = XCBuildConfiguration;
			buildSettings = {
				ASSETCATALOG_COMPILER_APPICON_NAME = AppIcon;
				CODE_SIGN_STYLE = Automatic;
				DEVELOPMENT_TEAM = D994TULQW5;
				INFOPLIST_FILE = "Praca dyplomowa/Info.plist";
				LD_RUNPATH_SEARCH_PATHS = (
					"$(inherited)",
					"@executable_path/Frameworks",
				);
				PRODUCT_BUNDLE_IDENTIFIER = "com.RS.Praca-dyplomowa";
				PRODUCT_NAME = "$(TARGET_NAME)";
				SWIFT_VERSION = 5.0;
				TARGETED_DEVICE_FAMILY = "1,2";
			};
			name = Release;
		};
/* End XCBuildConfiguration section */

/* Begin XCConfigurationList section */
		586F9BF125D88B7B00D42F79 /* Build configuration list for PBXProject "Praca dyplomowa" */ = {
			isa = XCConfigurationList;
			buildConfigurations = (
				586F9C0825D88B7D00D42F79 /* Debug */,
				586F9C0925D88B7D00D42F79 /* Release */,
			);
			defaultConfigurationIsVisible = 0;
			defaultConfigurationName = Release;
		};
		586F9C0A25D88B7D00D42F79 /* Build configuration list for PBXNativeTarget "Praca dyplomowa" */ = {
			isa = XCConfigurationList;
			buildConfigurations = (
				586F9C0B25D88B7D00D42F79 /* Debug */,
				586F9C0C25D88B7D00D42F79 /* Release */,
			);
			defaultConfigurationIsVisible = 0;
			defaultConfigurationName = Release;
		};
/* End XCConfigurationList section */
	};
	rootObject = 586F9BEE25D88B7B00D42F79 /* Project object */;
}
